
Microsoft Visual Studio Solution File, Format Version 12.00
# Visual Studio Version 16
VisualStudioVersion = 16.0.31624.102
MinimumVisualStudioVersion = 10.0.40219.1
Project("{FAE04EC0-301F-11D3-BF4B-00C04F79EFBC}") = "Nowern.Schedule", "Nowern.Schedule.csproj", "{0F747B22-BBDD-4D9E-8558-DA99F491976D}"
EndProject
Global
	GlobalSection(SolutionConfigurationPlatforms) = preSolution
		Debug|Any CPU = Debug|Any CPU
		Release|Any CPU = Release|Any CPU
	EndGlobalSection
	GlobalSection(ProjectConfigurationPlatforms) = postSolution
		{0F747B22-BBDD-4D9E-8558-DA99F491976D}.Debug|Any CPU.ActiveCfg = Debug|Any CPU
		{0F747B22-BBDD-4D9E-8558-DA99F491976D}.Debug|Any CPU.Build.0 = Debug|Any CPU
		{0F747B22-BBDD-4D9E-8558-DA99F491976D}.Release|Any CPU.ActiveCfg = Release|Any CPU
		{0F747B22-BBDD-4D9E-8558-DA99F491976D}.Release|Any CPU.Build.0 = Release|Any CPU
	EndGlobalSection
	GlobalSection(SolutionProperties) = preSolution
		HideSolutionNode = FALSE
	EndGlobalSection
	GlobalSection(ExtensibilityGlobals) = postSolution
		SolutionGuid = {2C6295AB-655B-4C5F-BF7F-1E7E7EF99EB6}
	EndGlobalSection
EndGlobal
